// !$*UTF8*$!
{
	archiveVersion = 1;
	classes = {
	};
	objectVersion = 55;
	objects = {

/* Begin PBXBuildFile section */
		0B00E69529842DAE0049DC49 /* UserTableCell.xib in Resources */ = {isa = PBXBuildFile; fileRef = 0B00E69429842DAE0049DC49 /* UserTableCell.xib */; };
		0B00E698298866DF0049DC49 /* NotificationsViewController.swift in Sources */ = {isa = PBXBuildFile; fileRef = 0B00E697298866DF0049DC49 /* NotificationsViewController.swift */; };
		0B00E69A298866E90049DC49 /* NotificationsViewController.storyboard in Resources */ = {isa = PBXBuildFile; fileRef = 0B00E699298866E90049DC49 /* NotificationsViewController.storyboard */; };
		0B00E69C298868F30049DC49 /* NotificationCell.swift in Sources */ = {isa = PBXBuildFile; fileRef = 0B00E69B298868F30049DC49 /* NotificationCell.swift */; };
		0B00E69E298869030049DC49 /* NotificationCell.xib in Resources */ = {isa = PBXBuildFile; fileRef = 0B00E69D298869030049DC49 /* NotificationCell.xib */; };
		0B00E6A02988695B0049DC49 /* FriendsService.swift in Sources */ = {isa = PBXBuildFile; fileRef = 0B00E69F2988695B0049DC49 /* FriendsService.swift */; };
		0B00E6A229886A6E0049DC49 /* ApiService.swift in Sources */ = {isa = PBXBuildFile; fileRef = 0B00E6A129886A6E0049DC49 /* ApiService.swift */; };
		0B1AE4BD29A36B9600B4E4F7 /* MainCoordinator.swift in Sources */ = {isa = PBXBuildFile; fileRef = 0B1AE4BC29A36B9600B4E4F7 /* MainCoordinator.swift */; };
		0B1AE4BF29A36BA200B4E4F7 /* Coordinator.swift in Sources */ = {isa = PBXBuildFile; fileRef = 0B1AE4BE29A36BA200B4E4F7 /* Coordinator.swift */; };
		0B1AE4C129A3742A00B4E4F7 /* Storyboarded.swift in Sources */ = {isa = PBXBuildFile; fileRef = 0B1AE4C029A3742A00B4E4F7 /* Storyboarded.swift */; };
		0B1AE4C329A37FD300B4E4F7 /* AuthorizationCoordinator.swift in Sources */ = {isa = PBXBuildFile; fileRef = 0B1AE4C229A37FD300B4E4F7 /* AuthorizationCoordinator.swift */; };
		0B1AE4C629A38BB100B4E4F7 /* PasswordResetCoordinator.swift in Sources */ = {isa = PBXBuildFile; fileRef = 0B1AE4C529A38BB100B4E4F7 /* PasswordResetCoordinator.swift */; };
		0B1AE4C829A3BF5B00B4E4F7 /* UsersViewModel.swift in Sources */ = {isa = PBXBuildFile; fileRef = 0B1AE4C729A3BF5B00B4E4F7 /* UsersViewModel.swift */; };
		0B1AE4CA29A3FBAC00B4E4F7 /* UserTableCellViewModel.swift in Sources */ = {isa = PBXBuildFile; fileRef = 0B1AE4C929A3FBAC00B4E4F7 /* UserTableCellViewModel.swift */; };
		0B2E3EC429A4B5A60016391D /* DateHelper.swift in Sources */ = {isa = PBXBuildFile; fileRef = 0B2E3EC329A4B5A60016391D /* DateHelper.swift */; };
		0B40016E294E68C300EBE854 /* AppDelegate.swift in Sources */ = {isa = PBXBuildFile; fileRef = 0B40016D294E68C300EBE854 /* AppDelegate.swift */; };
		0B400170294E68C300EBE854 /* SceneDelegate.swift in Sources */ = {isa = PBXBuildFile; fileRef = 0B40016F294E68C300EBE854 /* SceneDelegate.swift */; };
		0B400172294E68C300EBE854 /* MapViewController.swift in Sources */ = {isa = PBXBuildFile; fileRef = 0B400171294E68C300EBE854 /* MapViewController.swift */; };
		0B400175294E68C300EBE854 /* MapViewController.storyboard in Resources */ = {isa = PBXBuildFile; fileRef = 0B400173294E68C300EBE854 /* MapViewController.storyboard */; };
		0B400177294E68C500EBE854 /* Assets.xcassets in Resources */ = {isa = PBXBuildFile; fileRef = 0B400176294E68C500EBE854 /* Assets.xcassets */; };
		0B40017A294E68C500EBE854 /* LaunchScreen.storyboard in Resources */ = {isa = PBXBuildFile; fileRef = 0B400178294E68C500EBE854 /* LaunchScreen.storyboard */; };
		0B400185294E68C500EBE854 /* GeoTests.swift in Sources */ = {isa = PBXBuildFile; fileRef = 0B400184294E68C500EBE854 /* GeoTests.swift */; };
		0B40018F294E68C500EBE854 /* GeoUITests.swift in Sources */ = {isa = PBXBuildFile; fileRef = 0B40018E294E68C500EBE854 /* GeoUITests.swift */; };
		0B400191294E68C500EBE854 /* GeoUITestsLaunchTests.swift in Sources */ = {isa = PBXBuildFile; fileRef = 0B400190294E68C500EBE854 /* GeoUITestsLaunchTests.swift */; };
		0B40019E294E6D7900EBE854 /* LocationManager.swift in Sources */ = {isa = PBXBuildFile; fileRef = 0B40019D294E6D7900EBE854 /* LocationManager.swift */; };
		0B51D86E298940E800200B63 /* FriendshipRequestType.swift in Sources */ = {isa = PBXBuildFile; fileRef = 0B51D86D298940E800200B63 /* FriendshipRequestType.swift */; };
		0B51D8722989448000200B63 /* SearchedUser.swift in Sources */ = {isa = PBXBuildFile; fileRef = 0B51D8712989448000200B63 /* SearchedUser.swift */; };
		0B528CFD299A842400CA4A30 /* EmptyTableBackgroundView.swift in Sources */ = {isa = PBXBuildFile; fileRef = 0B528CFC299A842400CA4A30 /* EmptyTableBackgroundView.swift */; };
		0B528D01299D2F3A00CA4A30 /* FriendCalloutView.swift in Sources */ = {isa = PBXBuildFile; fileRef = 0B528D00299D2F3A00CA4A30 /* FriendCalloutView.swift */; };
		0B528D03299D45C200CA4A30 /* UIImage+Extensions.swift in Sources */ = {isa = PBXBuildFile; fileRef = 0B528D02299D45C200CA4A30 /* UIImage+Extensions.swift */; };
		0B528D05299D477500CA4A30 /* RequestPasswordResetViewController.swift in Sources */ = {isa = PBXBuildFile; fileRef = 0B528D04299D477500CA4A30 /* RequestPasswordResetViewController.swift */; };
		0B528D08299D479F00CA4A30 /* RequestPasswordResetViewController.storyboard in Resources */ = {isa = PBXBuildFile; fileRef = 0B528D07299D479F00CA4A30 /* RequestPasswordResetViewController.storyboard */; };
		0B5A0B08297F006A00E9806A /* Secrets.swift in Sources */ = {isa = PBXBuildFile; fileRef = 0B5A0B07297F006A00E9806A /* Secrets.swift */; };
		0B5A0B0A297F00B600E9806A /* Endpoints.swift in Sources */ = {isa = PBXBuildFile; fileRef = 0B5A0B09297F00B600E9806A /* Endpoints.swift */; };
		0B70166F298C3F4500E0E353 /* FriendAnnotationView.swift in Sources */ = {isa = PBXBuildFile; fileRef = 0B70166E298C3F4500E0E353 /* FriendAnnotationView.swift */; };
		0B843017294FA7EC000D5EDF /* LocationService.swift in Sources */ = {isa = PBXBuildFile; fileRef = 0B843016294FA7EC000D5EDF /* LocationService.swift */; };
		0BA1C1EA29A6C6CE00387882 /* ResetPasswordViewModel.swift in Sources */ = {isa = PBXBuildFile; fileRef = 0BA1C1E929A6C6CE00387882 /* ResetPasswordViewModel.swift */; };
		0BA1C1EC29A774AE00387882 /* RequestPasswordResetViewModel.swift in Sources */ = {isa = PBXBuildFile; fileRef = 0BA1C1EB29A774AE00387882 /* RequestPasswordResetViewModel.swift */; };
		0BA1C1EE29A7767F00387882 /* ProfilePictureViewModel.swift in Sources */ = {isa = PBXBuildFile; fileRef = 0BA1C1ED29A7767F00387882 /* ProfilePictureViewModel.swift */; };
		0BA1C1F229A77CCF00387882 /* SettingsViewModel.swift in Sources */ = {isa = PBXBuildFile; fileRef = 0BA1C1F129A77CCF00387882 /* SettingsViewModel.swift */; };
		0BA1C1F429A77FEF00387882 /* NotificationsViewModel.swift in Sources */ = {isa = PBXBuildFile; fileRef = 0BA1C1F329A77FEF00387882 /* NotificationsViewModel.swift */; };
		0BA1C1F629A7827500387882 /* NotificationCellViewModel.swift in Sources */ = {isa = PBXBuildFile; fileRef = 0BA1C1F529A7827500387882 /* NotificationCellViewModel.swift */; };
		0BA1C1F829A7898300387882 /* SignupViewModel.swift in Sources */ = {isa = PBXBuildFile; fileRef = 0BA1C1F729A7898300387882 /* SignupViewModel.swift */; };
		0BA1C1FA29A78D0F00387882 /* LoginViewModel.swift in Sources */ = {isa = PBXBuildFile; fileRef = 0BA1C1F929A78D0F00387882 /* LoginViewModel.swift */; };
		0BA1C1FC29A78FE700387882 /* EmailConfirmationViewModel.swift in Sources */ = {isa = PBXBuildFile; fileRef = 0BA1C1FB29A78FE700387882 /* EmailConfirmationViewModel.swift */; };
		0BA1C1FE29A7F4A000387882 /* MapViewModel.swift in Sources */ = {isa = PBXBuildFile; fileRef = 0BA1C1FD29A7F4A000387882 /* MapViewModel.swift */; };
		0BA1C20029A82B7900387882 /* UITextField+Extensions.swift in Sources */ = {isa = PBXBuildFile; fileRef = 0BA1C1FF29A82B7900387882 /* UITextField+Extensions.swift */; };
		0BA1C20229A8348800387882 /* UIView+Extensions.swift in Sources */ = {isa = PBXBuildFile; fileRef = 0BA1C20129A8348800387882 /* UIView+Extensions.swift */; };
		0BA1C20429A8A3F200387882 /* Animations.swift in Sources */ = {isa = PBXBuildFile; fileRef = 0BA1C20329A8A3F200387882 /* Animations.swift */; };
		0BB0A0502991162500AB48DD /* FriendMKPointAnnotation.swift in Sources */ = {isa = PBXBuildFile; fileRef = 0BB0A04F2991162500AB48DD /* FriendMKPointAnnotation.swift */; };
		0BB0A05529919C6400AB48DD /* SettingsViewController.swift in Sources */ = {isa = PBXBuildFile; fileRef = 0BB0A05429919C6400AB48DD /* SettingsViewController.swift */; };
		0BB0A05729919C6C00AB48DD /* SettingsViewController.storyboard in Resources */ = {isa = PBXBuildFile; fileRef = 0BB0A05629919C6C00AB48DD /* SettingsViewController.storyboard */; };
		0BB0A0592991A2AD00AB48DD /* SettingsCell.swift in Sources */ = {isa = PBXBuildFile; fileRef = 0BB0A0582991A2AD00AB48DD /* SettingsCell.swift */; };
		0BB0A05B2991A2B900AB48DD /* SettingsCell.xib in Resources */ = {isa = PBXBuildFile; fileRef = 0BB0A05A2991A2B900AB48DD /* SettingsCell.xib */; };
		0BB0A05D2991C4F900AB48DD /* ProfilePictureViewController.swift in Sources */ = {isa = PBXBuildFile; fileRef = 0BB0A05C2991C4F900AB48DD /* ProfilePictureViewController.swift */; };
		0BB0A05F2991C51300AB48DD /* ProfilePictureViewController.storyboard in Resources */ = {isa = PBXBuildFile; fileRef = 0BB0A05E2991C51300AB48DD /* ProfilePictureViewController.storyboard */; };
		0BB0A0612991C53600AB48DD /* ResetPasswordViewController.swift in Sources */ = {isa = PBXBuildFile; fileRef = 0BB0A0602991C53600AB48DD /* ResetPasswordViewController.swift */; };
		0BB0A0632991C54B00AB48DD /* ResetPasswordViewController.storyboard in Resources */ = {isa = PBXBuildFile; fileRef = 0BB0A0622991C54B00AB48DD /* ResetPasswordViewController.storyboard */; };
		0BB0A0652992D60600AB48DD /* MKMapView+Extensions.swift in Sources */ = {isa = PBXBuildFile; fileRef = 0BB0A0642992D60600AB48DD /* MKMapView+Extensions.swift */; };
		0BB0A0672992D76C00AB48DD /* MKAnnotation+Extensions.swift in Sources */ = {isa = PBXBuildFile; fileRef = 0BB0A0662992D76C00AB48DD /* MKAnnotation+Extensions.swift */; };
		0BB60E6E29990BAD0065AECB /* RequestError.swift in Sources */ = {isa = PBXBuildFile; fileRef = 0BB60E6D29990BAD0065AECB /* RequestError.swift */; };
		0BB60E7029991C590065AECB /* NotificatingViewController.swift in Sources */ = {isa = PBXBuildFile; fileRef = 0BB60E6F29991C590065AECB /* NotificatingViewController.swift */; };
		0BB60E722999202A0065AECB /* ErrorResponse.swift in Sources */ = {isa = PBXBuildFile; fileRef = 0BB60E712999202A0065AECB /* ErrorResponse.swift */; };
		0BC08A3D29798DB00026BA27 /* SignupViewController.storyboard in Resources */ = {isa = PBXBuildFile; fileRef = 0BC08A3C29798DB00026BA27 /* SignupViewController.storyboard */; };
		0BC08A3F29798DD90026BA27 /* LoginViewController.storyboard in Resources */ = {isa = PBXBuildFile; fileRef = 0BC08A3E29798DD90026BA27 /* LoginViewController.storyboard */; };
		0BC08A4329798E090026BA27 /* SignupViewController.swift in Sources */ = {isa = PBXBuildFile; fileRef = 0BC08A4229798E090026BA27 /* SignupViewController.swift */; };
		0BC08A4529798E1A0026BA27 /* LoginViewController.swift in Sources */ = {isa = PBXBuildFile; fileRef = 0BC08A4429798E1A0026BA27 /* LoginViewController.swift */; };
		0BC08A4A29798FEE0026BA27 /* AuthorizationService.swift in Sources */ = {isa = PBXBuildFile; fileRef = 0BC08A4929798FEE0026BA27 /* AuthorizationService.swift */; };
		0BC443F12983FA5F00D31C15 /* UserTableCell.swift in Sources */ = {isa = PBXBuildFile; fileRef = 0BC443F02983FA5F00D31C15 /* UserTableCell.swift */; };
		0BD2DEC72981575D00CCAF28 /* UsersViewController.swift in Sources */ = {isa = PBXBuildFile; fileRef = 0BD2DEC62981575D00CCAF28 /* UsersViewController.swift */; };
		0BD2DEC92981582B00CCAF28 /* UsersViewController.storyboard in Resources */ = {isa = PBXBuildFile; fileRef = 0BD2DEC82981582B00CCAF28 /* UsersViewController.storyboard */; };
		0BE07F7D2992F0830040CECA /* ImagesService.swift in Sources */ = {isa = PBXBuildFile; fileRef = 0BE07F7C2992F0830040CECA /* ImagesService.swift */; };
		0BE07F7F2993D7BB0040CECA /* String+Extensions.swift in Sources */ = {isa = PBXBuildFile; fileRef = 0BE07F7E2993D7BB0040CECA /* String+Extensions.swift */; };
		0BE07F812993D9350040CECA /* EmailConfirmationViewController.swift in Sources */ = {isa = PBXBuildFile; fileRef = 0BE07F802993D9350040CECA /* EmailConfirmationViewController.swift */; };
		0BE07F832993D9470040CECA /* EmailConfirmationViewController.storyboard in Resources */ = {isa = PBXBuildFile; fileRef = 0BE07F822993D9470040CECA /* EmailConfirmationViewController.storyboard */; };
		0BE75A8929830EDB00439A71 /* User.swift in Sources */ = {isa = PBXBuildFile; fileRef = 0BE75A8829830EDB00439A71 /* User.swift */; };
		0BE75A8C29830F5000439A71 /* FriendshipRequest.swift in Sources */ = {isa = PBXBuildFile; fileRef = 0BE75A8B29830F5000439A71 /* FriendshipRequest.swift */; };
		0BE75A8E2983152F00439A71 /* Friendship.swift in Sources */ = {isa = PBXBuildFile; fileRef = 0BE75A8D2983152F00439A71 /* Friendship.swift */; };
		0BE75A90298321CB00439A71 /* UsersService.swift in Sources */ = {isa = PBXBuildFile; fileRef = 0BE75A8F298321CB00439A71 /* UsersService.swift */; };
		34776518DF498107C0DB9019 /* Pods_geo_geoUITests.framework in Frameworks */ = {isa = PBXBuildFile; fileRef = 62C3D2B408446137E37CE866 /* Pods_geo_geoUITests.framework */; };
		B9E3D064F6E537CDE36C9CC5 /* Pods_geoTests.framework in Frameworks */ = {isa = PBXBuildFile; fileRef = 023E14CC0E8604CAFDF94E21 /* Pods_geoTests.framework */; };
		CAA8D5C2BB5F3B400F2C6BE4 /* Pods_geo.framework in Frameworks */ = {isa = PBXBuildFile; fileRef = 3F6761DA7FA097D17F161003 /* Pods_geo.framework */; };
/* End PBXBuildFile section */

/* Begin PBXContainerItemProxy section */
		0B400181294E68C500EBE854 /* PBXContainerItemProxy */ = {
			isa = PBXContainerItemProxy;
			containerPortal = 0B400162294E68C300EBE854 /* Project object */;
			proxyType = 1;
			remoteGlobalIDString = 0B400169294E68C300EBE854;
			remoteInfo = geo;
		};
		0B40018B294E68C500EBE854 /* PBXContainerItemProxy */ = {
			isa = PBXContainerItemProxy;
			containerPortal = 0B400162294E68C300EBE854 /* Project object */;
			proxyType = 1;
			remoteGlobalIDString = 0B400169294E68C300EBE854;
			remoteInfo = geo;
		};
/* End PBXContainerItemProxy section */

/* Begin PBXFileReference section */
		023E14CC0E8604CAFDF94E21 /* Pods_geoTests.framework */ = {isa = PBXFileReference; explicitFileType = wrapper.framework; includeInIndex = 0; path = Pods_geoTests.framework; sourceTree = BUILT_PRODUCTS_DIR; };
		0B00E69429842DAE0049DC49 /* UserTableCell.xib */ = {isa = PBXFileReference; lastKnownFileType = file.xib; path = UserTableCell.xib; sourceTree = "<group>"; };
		0B00E697298866DF0049DC49 /* NotificationsViewController.swift */ = {isa = PBXFileReference; lastKnownFileType = sourcecode.swift; path = NotificationsViewController.swift; sourceTree = "<group>"; };
		0B00E699298866E90049DC49 /* NotificationsViewController.storyboard */ = {isa = PBXFileReference; lastKnownFileType = file.storyboard; path = NotificationsViewController.storyboard; sourceTree = "<group>"; };
		0B00E69B298868F30049DC49 /* NotificationCell.swift */ = {isa = PBXFileReference; lastKnownFileType = sourcecode.swift; path = NotificationCell.swift; sourceTree = "<group>"; };
		0B00E69D298869030049DC49 /* NotificationCell.xib */ = {isa = PBXFileReference; lastKnownFileType = file.xib; path = NotificationCell.xib; sourceTree = "<group>"; };
		0B00E69F2988695B0049DC49 /* FriendsService.swift */ = {isa = PBXFileReference; lastKnownFileType = sourcecode.swift; path = FriendsService.swift; sourceTree = "<group>"; };
		0B00E6A129886A6E0049DC49 /* ApiService.swift */ = {isa = PBXFileReference; lastKnownFileType = sourcecode.swift; path = ApiService.swift; sourceTree = "<group>"; };
		0B1AE4BC29A36B9600B4E4F7 /* MainCoordinator.swift */ = {isa = PBXFileReference; lastKnownFileType = sourcecode.swift; path = MainCoordinator.swift; sourceTree = "<group>"; };
		0B1AE4BE29A36BA200B4E4F7 /* Coordinator.swift */ = {isa = PBXFileReference; lastKnownFileType = sourcecode.swift; path = Coordinator.swift; sourceTree = "<group>"; };
		0B1AE4C029A3742A00B4E4F7 /* Storyboarded.swift */ = {isa = PBXFileReference; lastKnownFileType = sourcecode.swift; path = Storyboarded.swift; sourceTree = "<group>"; };
		0B1AE4C229A37FD300B4E4F7 /* AuthorizationCoordinator.swift */ = {isa = PBXFileReference; lastKnownFileType = sourcecode.swift; path = AuthorizationCoordinator.swift; sourceTree = "<group>"; };
		0B1AE4C529A38BB100B4E4F7 /* PasswordResetCoordinator.swift */ = {isa = PBXFileReference; lastKnownFileType = sourcecode.swift; path = PasswordResetCoordinator.swift; sourceTree = "<group>"; };
		0B1AE4C729A3BF5B00B4E4F7 /* UsersViewModel.swift */ = {isa = PBXFileReference; lastKnownFileType = sourcecode.swift; path = UsersViewModel.swift; sourceTree = "<group>"; };
		0B1AE4C929A3FBAC00B4E4F7 /* UserTableCellViewModel.swift */ = {isa = PBXFileReference; lastKnownFileType = sourcecode.swift; path = UserTableCellViewModel.swift; sourceTree = "<group>"; };
		0B2E3EC329A4B5A60016391D /* DateHelper.swift */ = {isa = PBXFileReference; lastKnownFileType = sourcecode.swift; path = DateHelper.swift; sourceTree = "<group>"; };
		0B40016A294E68C300EBE854 /* geo.app */ = {isa = PBXFileReference; explicitFileType = wrapper.application; includeInIndex = 0; path = geo.app; sourceTree = BUILT_PRODUCTS_DIR; };
		0B40016D294E68C300EBE854 /* AppDelegate.swift */ = {isa = PBXFileReference; lastKnownFileType = sourcecode.swift; path = AppDelegate.swift; sourceTree = "<group>"; };
		0B40016F294E68C300EBE854 /* SceneDelegate.swift */ = {isa = PBXFileReference; lastKnownFileType = sourcecode.swift; path = SceneDelegate.swift; sourceTree = "<group>"; };
		0B400171294E68C300EBE854 /* MapViewController.swift */ = {isa = PBXFileReference; lastKnownFileType = sourcecode.swift; path = MapViewController.swift; sourceTree = "<group>"; };
		0B400174294E68C300EBE854 /* Base */ = {isa = PBXFileReference; lastKnownFileType = file.storyboard; name = Base; path = Base.lproj/MapViewController.storyboard; sourceTree = "<group>"; };
		0B400176294E68C500EBE854 /* Assets.xcassets */ = {isa = PBXFileReference; lastKnownFileType = folder.assetcatalog; path = Assets.xcassets; sourceTree = "<group>"; };
		0B400179294E68C500EBE854 /* Base */ = {isa = PBXFileReference; lastKnownFileType = file.storyboard; name = Base; path = Base.lproj/LaunchScreen.storyboard; sourceTree = "<group>"; };
		0B40017B294E68C500EBE854 /* Info.plist */ = {isa = PBXFileReference; lastKnownFileType = text.plist.xml; path = Info.plist; sourceTree = "<group>"; };
		0B400180294E68C500EBE854 /* geoTests.xctest */ = {isa = PBXFileReference; explicitFileType = wrapper.cfbundle; includeInIndex = 0; path = geoTests.xctest; sourceTree = BUILT_PRODUCTS_DIR; };
		0B400184294E68C500EBE854 /* GeoTests.swift */ = {isa = PBXFileReference; lastKnownFileType = sourcecode.swift; path = GeoTests.swift; sourceTree = "<group>"; };
		0B40018A294E68C500EBE854 /* geoUITests.xctest */ = {isa = PBXFileReference; explicitFileType = wrapper.cfbundle; includeInIndex = 0; path = geoUITests.xctest; sourceTree = BUILT_PRODUCTS_DIR; };
		0B40018E294E68C500EBE854 /* GeoUITests.swift */ = {isa = PBXFileReference; lastKnownFileType = sourcecode.swift; path = GeoUITests.swift; sourceTree = "<group>"; };
		0B400190294E68C500EBE854 /* GeoUITestsLaunchTests.swift */ = {isa = PBXFileReference; lastKnownFileType = sourcecode.swift; path = GeoUITestsLaunchTests.swift; sourceTree = "<group>"; };
		0B40019D294E6D7900EBE854 /* LocationManager.swift */ = {isa = PBXFileReference; lastKnownFileType = sourcecode.swift; path = LocationManager.swift; sourceTree = "<group>"; };
		0B51D86D298940E800200B63 /* FriendshipRequestType.swift */ = {isa = PBXFileReference; lastKnownFileType = sourcecode.swift; path = FriendshipRequestType.swift; sourceTree = "<group>"; };
		0B51D8712989448000200B63 /* SearchedUser.swift */ = {isa = PBXFileReference; lastKnownFileType = sourcecode.swift; path = SearchedUser.swift; sourceTree = "<group>"; };
		0B528CFC299A842400CA4A30 /* EmptyTableBackgroundView.swift */ = {isa = PBXFileReference; lastKnownFileType = sourcecode.swift; path = EmptyTableBackgroundView.swift; sourceTree = "<group>"; };
		0B528D00299D2F3A00CA4A30 /* FriendCalloutView.swift */ = {isa = PBXFileReference; lastKnownFileType = sourcecode.swift; path = FriendCalloutView.swift; sourceTree = "<group>"; };
		0B528D02299D45C200CA4A30 /* UIImage+Extensions.swift */ = {isa = PBXFileReference; lastKnownFileType = sourcecode.swift; path = "UIImage+Extensions.swift"; sourceTree = "<group>"; };
		0B528D04299D477500CA4A30 /* RequestPasswordResetViewController.swift */ = {isa = PBXFileReference; lastKnownFileType = sourcecode.swift; path = RequestPasswordResetViewController.swift; sourceTree = "<group>"; };
		0B528D07299D479F00CA4A30 /* RequestPasswordResetViewController.storyboard */ = {isa = PBXFileReference; lastKnownFileType = file.storyboard; path = RequestPasswordResetViewController.storyboard; sourceTree = "<group>"; };
		0B5A0B07297F006A00E9806A /* Secrets.swift */ = {isa = PBXFileReference; lastKnownFileType = sourcecode.swift; path = Secrets.swift; sourceTree = "<group>"; };
		0B5A0B09297F00B600E9806A /* Endpoints.swift */ = {isa = PBXFileReference; lastKnownFileType = sourcecode.swift; path = Endpoints.swift; sourceTree = "<group>"; };
		0B70166E298C3F4500E0E353 /* FriendAnnotationView.swift */ = {isa = PBXFileReference; lastKnownFileType = sourcecode.swift; path = FriendAnnotationView.swift; sourceTree = "<group>"; };
		0B843016294FA7EC000D5EDF /* LocationService.swift */ = {isa = PBXFileReference; lastKnownFileType = sourcecode.swift; path = LocationService.swift; sourceTree = "<group>"; };
		0BA1C1E929A6C6CE00387882 /* ResetPasswordViewModel.swift */ = {isa = PBXFileReference; lastKnownFileType = sourcecode.swift; path = ResetPasswordViewModel.swift; sourceTree = "<group>"; };
		0BA1C1EB29A774AE00387882 /* RequestPasswordResetViewModel.swift */ = {isa = PBXFileReference; lastKnownFileType = sourcecode.swift; path = RequestPasswordResetViewModel.swift; sourceTree = "<group>"; };
		0BA1C1ED29A7767F00387882 /* ProfilePictureViewModel.swift */ = {isa = PBXFileReference; lastKnownFileType = sourcecode.swift; path = ProfilePictureViewModel.swift; sourceTree = "<group>"; };
		0BA1C1F129A77CCF00387882 /* SettingsViewModel.swift */ = {isa = PBXFileReference; lastKnownFileType = sourcecode.swift; path = SettingsViewModel.swift; sourceTree = "<group>"; };
		0BA1C1F329A77FEF00387882 /* NotificationsViewModel.swift */ = {isa = PBXFileReference; lastKnownFileType = sourcecode.swift; path = NotificationsViewModel.swift; sourceTree = "<group>"; };
		0BA1C1F529A7827500387882 /* NotificationCellViewModel.swift */ = {isa = PBXFileReference; lastKnownFileType = sourcecode.swift; path = NotificationCellViewModel.swift; sourceTree = "<group>"; };
		0BA1C1F729A7898300387882 /* SignupViewModel.swift */ = {isa = PBXFileReference; lastKnownFileType = sourcecode.swift; path = SignupViewModel.swift; sourceTree = "<group>"; };
		0BA1C1F929A78D0F00387882 /* LoginViewModel.swift */ = {isa = PBXFileReference; lastKnownFileType = sourcecode.swift; path = LoginViewModel.swift; sourceTree = "<group>"; };
		0BA1C1FB29A78FE700387882 /* EmailConfirmationViewModel.swift */ = {isa = PBXFileReference; lastKnownFileType = sourcecode.swift; path = EmailConfirmationViewModel.swift; sourceTree = "<group>"; };
		0BA1C1FD29A7F4A000387882 /* MapViewModel.swift */ = {isa = PBXFileReference; lastKnownFileType = sourcecode.swift; path = MapViewModel.swift; sourceTree = "<group>"; };
		0BA1C1FF29A82B7900387882 /* UITextField+Extensions.swift */ = {isa = PBXFileReference; lastKnownFileType = sourcecode.swift; path = "UITextField+Extensions.swift"; sourceTree = "<group>"; };
		0BA1C20129A8348800387882 /* UIView+Extensions.swift */ = {isa = PBXFileReference; lastKnownFileType = sourcecode.swift; path = "UIView+Extensions.swift"; sourceTree = "<group>"; };
		0BA1C20329A8A3F200387882 /* Animations.swift */ = {isa = PBXFileReference; lastKnownFileType = sourcecode.swift; path = Animations.swift; sourceTree = "<group>"; };
		0BB0A04F2991162500AB48DD /* FriendMKPointAnnotation.swift */ = {isa = PBXFileReference; lastKnownFileType = sourcecode.swift; path = FriendMKPointAnnotation.swift; sourceTree = "<group>"; };
		0BB0A05429919C6400AB48DD /* SettingsViewController.swift */ = {isa = PBXFileReference; lastKnownFileType = sourcecode.swift; path = SettingsViewController.swift; sourceTree = "<group>"; };
		0BB0A05629919C6C00AB48DD /* SettingsViewController.storyboard */ = {isa = PBXFileReference; lastKnownFileType = file.storyboard; path = SettingsViewController.storyboard; sourceTree = "<group>"; };
		0BB0A0582991A2AD00AB48DD /* SettingsCell.swift */ = {isa = PBXFileReference; lastKnownFileType = sourcecode.swift; path = SettingsCell.swift; sourceTree = "<group>"; };
		0BB0A05A2991A2B900AB48DD /* SettingsCell.xib */ = {isa = PBXFileReference; lastKnownFileType = file.xib; path = SettingsCell.xib; sourceTree = "<group>"; };
		0BB0A05C2991C4F900AB48DD /* ProfilePictureViewController.swift */ = {isa = PBXFileReference; lastKnownFileType = sourcecode.swift; path = ProfilePictureViewController.swift; sourceTree = "<group>"; };
		0BB0A05E2991C51300AB48DD /* ProfilePictureViewController.storyboard */ = {isa = PBXFileReference; lastKnownFileType = file.storyboard; path = ProfilePictureViewController.storyboard; sourceTree = "<group>"; };
		0BB0A0602991C53600AB48DD /* ResetPasswordViewController.swift */ = {isa = PBXFileReference; lastKnownFileType = sourcecode.swift; path = ResetPasswordViewController.swift; sourceTree = "<group>"; };
		0BB0A0622991C54B00AB48DD /* ResetPasswordViewController.storyboard */ = {isa = PBXFileReference; lastKnownFileType = file.storyboard; path = ResetPasswordViewController.storyboard; sourceTree = "<group>"; };
		0BB0A0642992D60600AB48DD /* MKMapView+Extensions.swift */ = {isa = PBXFileReference; lastKnownFileType = sourcecode.swift; path = "MKMapView+Extensions.swift"; sourceTree = "<group>"; };
		0BB0A0662992D76C00AB48DD /* MKAnnotation+Extensions.swift */ = {isa = PBXFileReference; lastKnownFileType = sourcecode.swift; path = "MKAnnotation+Extensions.swift"; sourceTree = "<group>"; };
		0BB60E6D29990BAD0065AECB /* RequestError.swift */ = {isa = PBXFileReference; lastKnownFileType = sourcecode.swift; path = RequestError.swift; sourceTree = "<group>"; };
		0BB60E6F29991C590065AECB /* NotificatingViewController.swift */ = {isa = PBXFileReference; lastKnownFileType = sourcecode.swift; path = NotificatingViewController.swift; sourceTree = "<group>"; };
		0BB60E712999202A0065AECB /* ErrorResponse.swift */ = {isa = PBXFileReference; lastKnownFileType = sourcecode.swift; path = ErrorResponse.swift; sourceTree = "<group>"; };
		0BC08A3C29798DB00026BA27 /* SignupViewController.storyboard */ = {isa = PBXFileReference; lastKnownFileType = file.storyboard; path = SignupViewController.storyboard; sourceTree = "<group>"; };
		0BC08A3E29798DD90026BA27 /* LoginViewController.storyboard */ = {isa = PBXFileReference; lastKnownFileType = file.storyboard; path = LoginViewController.storyboard; sourceTree = "<group>"; };
		0BC08A4229798E090026BA27 /* SignupViewController.swift */ = {isa = PBXFileReference; lastKnownFileType = sourcecode.swift; path = SignupViewController.swift; sourceTree = "<group>"; };
		0BC08A4429798E1A0026BA27 /* LoginViewController.swift */ = {isa = PBXFileReference; lastKnownFileType = sourcecode.swift; path = LoginViewController.swift; sourceTree = "<group>"; };
		0BC08A4929798FEE0026BA27 /* AuthorizationService.swift */ = {isa = PBXFileReference; lastKnownFileType = sourcecode.swift; path = AuthorizationService.swift; sourceTree = "<group>"; };
		0BC443F02983FA5F00D31C15 /* UserTableCell.swift */ = {isa = PBXFileReference; lastKnownFileType = sourcecode.swift; path = UserTableCell.swift; sourceTree = "<group>"; };
		0BD2DEC62981575D00CCAF28 /* UsersViewController.swift */ = {isa = PBXFileReference; lastKnownFileType = sourcecode.swift; path = UsersViewController.swift; sourceTree = "<group>"; };
		0BD2DEC82981582B00CCAF28 /* UsersViewController.storyboard */ = {isa = PBXFileReference; lastKnownFileType = file.storyboard; path = UsersViewController.storyboard; sourceTree = "<group>"; };
		0BE07F7C2992F0830040CECA /* ImagesService.swift */ = {isa = PBXFileReference; lastKnownFileType = sourcecode.swift; path = ImagesService.swift; sourceTree = "<group>"; };
		0BE07F7E2993D7BB0040CECA /* String+Extensions.swift */ = {isa = PBXFileReference; lastKnownFileType = sourcecode.swift; path = "String+Extensions.swift"; sourceTree = "<group>"; };
		0BE07F802993D9350040CECA /* EmailConfirmationViewController.swift */ = {isa = PBXFileReference; lastKnownFileType = sourcecode.swift; path = EmailConfirmationViewController.swift; sourceTree = "<group>"; };
		0BE07F822993D9470040CECA /* EmailConfirmationViewController.storyboard */ = {isa = PBXFileReference; lastKnownFileType = file.storyboard; path = EmailConfirmationViewController.storyboard; sourceTree = "<group>"; };
		0BE75A8829830EDB00439A71 /* User.swift */ = {isa = PBXFileReference; lastKnownFileType = sourcecode.swift; path = User.swift; sourceTree = "<group>"; };
		0BE75A8B29830F5000439A71 /* FriendshipRequest.swift */ = {isa = PBXFileReference; lastKnownFileType = sourcecode.swift; path = FriendshipRequest.swift; sourceTree = "<group>"; };
		0BE75A8D2983152F00439A71 /* Friendship.swift */ = {isa = PBXFileReference; lastKnownFileType = sourcecode.swift; path = Friendship.swift; sourceTree = "<group>"; };
		0BE75A8F298321CB00439A71 /* UsersService.swift */ = {isa = PBXFileReference; lastKnownFileType = sourcecode.swift; path = UsersService.swift; sourceTree = "<group>"; };
		203BC3B2CB7265B713F74E14 /* Pods-geo-geoUITests.debug.xcconfig */ = {isa = PBXFileReference; includeInIndex = 1; lastKnownFileType = text.xcconfig; name = "Pods-geo-geoUITests.debug.xcconfig"; path = "Target Support Files/Pods-geo-geoUITests/Pods-geo-geoUITests.debug.xcconfig"; sourceTree = "<group>"; };
		3F6761DA7FA097D17F161003 /* Pods_geo.framework */ = {isa = PBXFileReference; explicitFileType = wrapper.framework; includeInIndex = 0; path = Pods_geo.framework; sourceTree = BUILT_PRODUCTS_DIR; };
		44140F237301627B8AEC6A38 /* Pods-geoTests.release.xcconfig */ = {isa = PBXFileReference; includeInIndex = 1; lastKnownFileType = text.xcconfig; name = "Pods-geoTests.release.xcconfig"; path = "Target Support Files/Pods-geoTests/Pods-geoTests.release.xcconfig"; sourceTree = "<group>"; };
		62C3D2B408446137E37CE866 /* Pods_geo_geoUITests.framework */ = {isa = PBXFileReference; explicitFileType = wrapper.framework; includeInIndex = 0; path = Pods_geo_geoUITests.framework; sourceTree = BUILT_PRODUCTS_DIR; };
		62C7F178375FF08356A10DE3 /* Pods-geoTests.debug.xcconfig */ = {isa = PBXFileReference; includeInIndex = 1; lastKnownFileType = text.xcconfig; name = "Pods-geoTests.debug.xcconfig"; path = "Target Support Files/Pods-geoTests/Pods-geoTests.debug.xcconfig"; sourceTree = "<group>"; };
		68B849CD941C27E28B999D3E /* Pods-geo-geoUITests.release.xcconfig */ = {isa = PBXFileReference; includeInIndex = 1; lastKnownFileType = text.xcconfig; name = "Pods-geo-geoUITests.release.xcconfig"; path = "Target Support Files/Pods-geo-geoUITests/Pods-geo-geoUITests.release.xcconfig"; sourceTree = "<group>"; };
		A91443EFA308649C6FBDF6C6 /* Pods-geo.debug.xcconfig */ = {isa = PBXFileReference; includeInIndex = 1; lastKnownFileType = text.xcconfig; name = "Pods-geo.debug.xcconfig"; path = "Target Support Files/Pods-geo/Pods-geo.debug.xcconfig"; sourceTree = "<group>"; };
		D77C8995C4E037793261B35B /* Pods-geo.release.xcconfig */ = {isa = PBXFileReference; includeInIndex = 1; lastKnownFileType = text.xcconfig; name = "Pods-geo.release.xcconfig"; path = "Target Support Files/Pods-geo/Pods-geo.release.xcconfig"; sourceTree = "<group>"; };
/* End PBXFileReference section */

/* Begin PBXFrameworksBuildPhase section */
		0B400167294E68C300EBE854 /* Frameworks */ = {
			isa = PBXFrameworksBuildPhase;
			buildActionMask = 2147483647;
			files = (
				CAA8D5C2BB5F3B400F2C6BE4 /* Pods_geo.framework in Frameworks */,
			);
			runOnlyForDeploymentPostprocessing = 0;
		};
		0B40017D294E68C500EBE854 /* Frameworks */ = {
			isa = PBXFrameworksBuildPhase;
			buildActionMask = 2147483647;
			files = (
				B9E3D064F6E537CDE36C9CC5 /* Pods_geoTests.framework in Frameworks */,
			);
			runOnlyForDeploymentPostprocessing = 0;
		};
		0B400187294E68C500EBE854 /* Frameworks */ = {
			isa = PBXFrameworksBuildPhase;
			buildActionMask = 2147483647;
			files = (
				34776518DF498107C0DB9019 /* Pods_geo_geoUITests.framework in Frameworks */,
			);
			runOnlyForDeploymentPostprocessing = 0;
		};
/* End PBXFrameworksBuildPhase section */

/* Begin PBXGroup section */
		0B00E696298866CA0049DC49 /* Notifications */ = {
			isa = PBXGroup;
			children = (
				0BA1C1F329A77FEF00387882 /* NotificationsViewModel.swift */,
				0B00E697298866DF0049DC49 /* NotificationsViewController.swift */,
				0B00E699298866E90049DC49 /* NotificationsViewController.storyboard */,
				0BA1C1F529A7827500387882 /* NotificationCellViewModel.swift */,
				0B00E69B298868F30049DC49 /* NotificationCell.swift */,
				0B00E69D298869030049DC49 /* NotificationCell.xib */,
			);
			path = Notifications;
			sourceTree = "<group>";
		};
		0B1AE4C429A38B8D00B4E4F7 /* Password reset */ = {
			isa = PBXGroup;
			children = (
				0B1AE4C529A38BB100B4E4F7 /* PasswordResetCoordinator.swift */,
				0BA1C1EB29A774AE00387882 /* RequestPasswordResetViewModel.swift */,
				0B528D04299D477500CA4A30 /* RequestPasswordResetViewController.swift */,
				0B528D07299D479F00CA4A30 /* RequestPasswordResetViewController.storyboard */,
				0BA1C1E929A6C6CE00387882 /* ResetPasswordViewModel.swift */,
				0BB0A0602991C53600AB48DD /* ResetPasswordViewController.swift */,
				0BB0A0622991C54B00AB48DD /* ResetPasswordViewController.storyboard */,
			);
			path = "Password reset";
			sourceTree = "<group>";
		};
		0B2E3EC229A4B58F0016391D /* Helpers */ = {
			isa = PBXGroup;
			children = (
				0B2E3EC329A4B5A60016391D /* DateHelper.swift */,
			);
			path = Helpers;
			sourceTree = "<group>";
		};
		0B400161294E68C300EBE854 = {
			isa = PBXGroup;
			children = (
				0B40016C294E68C300EBE854 /* geo */,
				0B400183294E68C500EBE854 /* geoTests */,
				0B40018D294E68C500EBE854 /* geoUITests */,
				0B40016B294E68C300EBE854 /* Products */,
				7790DCB4036D92EABBE3C0C6 /* Pods */,
				16EF89132D6E9EEFCE53FE00 /* Frameworks */,
			);
			sourceTree = "<group>";
		};
		0B40016B294E68C300EBE854 /* Products */ = {
			isa = PBXGroup;
			children = (
				0B40016A294E68C300EBE854 /* geo.app */,
				0B400180294E68C500EBE854 /* geoTests.xctest */,
				0B40018A294E68C500EBE854 /* geoUITests.xctest */,
			);
			name = Products;
			sourceTree = "<group>";
		};
		0B40016C294E68C300EBE854 /* geo */ = {
			isa = PBXGroup;
			children = (
				0BC08A4829798FC90026BA27 /* API */,
				0B5A0B06297F003500E9806A /* Extensions */,
				0B5A0B05297F002200E9806A /* Location */,
				0BC08A4029798DE00026BA27 /* UI */,
				0B40016D294E68C300EBE854 /* AppDelegate.swift */,
				0B40016F294E68C300EBE854 /* SceneDelegate.swift */,
				0B400176294E68C500EBE854 /* Assets.xcassets */,
				0B400178294E68C500EBE854 /* LaunchScreen.storyboard */,
				0B40017B294E68C500EBE854 /* Info.plist */,
			);
			path = geo;
			sourceTree = "<group>";
		};
		0B400183294E68C500EBE854 /* geoTests */ = {
			isa = PBXGroup;
			children = (
				0B400184294E68C500EBE854 /* GeoTests.swift */,
			);
			path = geoTests;
			sourceTree = "<group>";
		};
		0B40018D294E68C500EBE854 /* geoUITests */ = {
			isa = PBXGroup;
			children = (
				0B40018E294E68C500EBE854 /* GeoUITests.swift */,
				0B400190294E68C500EBE854 /* GeoUITestsLaunchTests.swift */,
			);
			path = geoUITests;
			sourceTree = "<group>";
		};
		0B5A0B05297F002200E9806A /* Location */ = {
			isa = PBXGroup;
			children = (
				0B40019D294E6D7900EBE854 /* LocationManager.swift */,
			);
			path = Location;
			sourceTree = "<group>";
		};
		0B5A0B06297F003500E9806A /* Extensions */ = {
			isa = PBXGroup;
			children = (
				0BB0A0642992D60600AB48DD /* MKMapView+Extensions.swift */,
				0BB0A0662992D76C00AB48DD /* MKAnnotation+Extensions.swift */,
				0BE07F7E2993D7BB0040CECA /* String+Extensions.swift */,
				0B528D02299D45C200CA4A30 /* UIImage+Extensions.swift */,
				0BA1C1FF29A82B7900387882 /* UITextField+Extensions.swift */,
				0BA1C20129A8348800387882 /* UIView+Extensions.swift */,
			);
			path = Extensions;
			sourceTree = "<group>";
		};
		0B70166C298C3D7F00E0E353 /* Map */ = {
			isa = PBXGroup;
			children = (
				0B1AE4BC29A36B9600B4E4F7 /* MainCoordinator.swift */,
				0BA1C1FD29A7F4A000387882 /* MapViewModel.swift */,
				0B400171294E68C300EBE854 /* MapViewController.swift */,
				0B400173294E68C300EBE854 /* MapViewController.storyboard */,
				0B70166D298C3DA300E0E353 /* Annotations */,
			);
			path = Map;
			sourceTree = "<group>";
		};
		0B70166D298C3DA300E0E353 /* Annotations */ = {
			isa = PBXGroup;
			children = (
				0BB0A04F2991162500AB48DD /* FriendMKPointAnnotation.swift */,
				0B70166E298C3F4500E0E353 /* FriendAnnotationView.swift */,
				0B528D00299D2F3A00CA4A30 /* FriendCalloutView.swift */,
			);
			path = Annotations;
			sourceTree = "<group>";
		};
		0BB0A05329919C4E00AB48DD /* Settings */ = {
			isa = PBXGroup;
			children = (
				0BA1C1F129A77CCF00387882 /* SettingsViewModel.swift */,
				0BB0A05429919C6400AB48DD /* SettingsViewController.swift */,
				0BB0A05629919C6C00AB48DD /* SettingsViewController.storyboard */,
				0BB0A0582991A2AD00AB48DD /* SettingsCell.swift */,
				0BB0A05A2991A2B900AB48DD /* SettingsCell.xib */,
				0BA1C1ED29A7767F00387882 /* ProfilePictureViewModel.swift */,
				0BB0A05C2991C4F900AB48DD /* ProfilePictureViewController.swift */,
				0BB0A05E2991C51300AB48DD /* ProfilePictureViewController.storyboard */,
			);
			path = Settings;
			sourceTree = "<group>";
		};
		0BB60E6C29990A9C0065AECB /* Sevices */ = {
			isa = PBXGroup;
			children = (
				0BC08A4929798FEE0026BA27 /* AuthorizationService.swift */,
				0B843016294FA7EC000D5EDF /* LocationService.swift */,
				0BE07F7C2992F0830040CECA /* ImagesService.swift */,
				0B00E69F2988695B0049DC49 /* FriendsService.swift */,
				0BE75A8F298321CB00439A71 /* UsersService.swift */,
			);
			path = Sevices;
			sourceTree = "<group>";
		};
		0BC08A4029798DE00026BA27 /* UI */ = {
			isa = PBXGroup;
			children = (
				0BA1C20329A8A3F200387882 /* Animations.swift */,
				0B1AE4BE29A36BA200B4E4F7 /* Coordinator.swift */,
				0B1AE4C029A3742A00B4E4F7 /* Storyboarded.swift */,
				0BC08A4129798DEC0026BA27 /* Authorization */,
				0B70166C298C3D7F00E0E353 /* Map */,
				0B00E696298866CA0049DC49 /* Notifications */,
				0BB0A05329919C4E00AB48DD /* Settings */,
				0B1AE4C429A38B8D00B4E4F7 /* Password reset */,
				0BC443EF2983FA4A00D31C15 /* Users */,
				0BB60E6F29991C590065AECB /* NotificatingViewController.swift */,
				0B528CFC299A842400CA4A30 /* EmptyTableBackgroundView.swift */,
			);
			path = UI;
			sourceTree = "<group>";
		};
		0BC08A4129798DEC0026BA27 /* Authorization */ = {
			isa = PBXGroup;
			children = (
				0B1AE4C229A37FD300B4E4F7 /* AuthorizationCoordinator.swift */,
				0BA1C1F729A7898300387882 /* SignupViewModel.swift */,
				0BC08A4229798E090026BA27 /* SignupViewController.swift */,
				0BC08A3C29798DB00026BA27 /* SignupViewController.storyboard */,
				0BA1C1F929A78D0F00387882 /* LoginViewModel.swift */,
				0BC08A4429798E1A0026BA27 /* LoginViewController.swift */,
				0BC08A3E29798DD90026BA27 /* LoginViewController.storyboard */,
				0BA1C1FB29A78FE700387882 /* EmailConfirmationViewModel.swift */,
				0BE07F802993D9350040CECA /* EmailConfirmationViewController.swift */,
				0BE07F822993D9470040CECA /* EmailConfirmationViewController.storyboard */,
			);
			path = Authorization;
			sourceTree = "<group>";
		};
		0BC08A4829798FC90026BA27 /* API */ = {
			isa = PBXGroup;
			children = (
				0B2E3EC229A4B58F0016391D /* Helpers */,
				0BB60E6C29990A9C0065AECB /* Sevices */,
				0BE75A8A29830EE800439A71 /* Models */,
				0B00E6A129886A6E0049DC49 /* ApiService.swift */,
				0B5A0B09297F00B600E9806A /* Endpoints.swift */,
				0BB60E6D29990BAD0065AECB /* RequestError.swift */,
				0B5A0B07297F006A00E9806A /* Secrets.swift */,
			);
			path = API;
			sourceTree = "<group>";
		};
		0BC443EF2983FA4A00D31C15 /* Users */ = {
			isa = PBXGroup;
			children = (
				0B1AE4C729A3BF5B00B4E4F7 /* UsersViewModel.swift */,
				0BD2DEC62981575D00CCAF28 /* UsersViewController.swift */,
				0BD2DEC82981582B00CCAF28 /* UsersViewController.storyboard */,
				0B1AE4C929A3FBAC00B4E4F7 /* UserTableCellViewModel.swift */,
				0BC443F02983FA5F00D31C15 /* UserTableCell.swift */,
				0B00E69429842DAE0049DC49 /* UserTableCell.xib */,
			);
			path = Users;
			sourceTree = "<group>";
		};
		0BE75A8A29830EE800439A71 /* Models */ = {
			isa = PBXGroup;
			children = (
				0BE75A8829830EDB00439A71 /* User.swift */,
				0B51D8712989448000200B63 /* SearchedUser.swift */,
				0BE75A8B29830F5000439A71 /* FriendshipRequest.swift */,
				0BE75A8D2983152F00439A71 /* Friendship.swift */,
				0B51D86D298940E800200B63 /* FriendshipRequestType.swift */,
				0BB60E712999202A0065AECB /* ErrorResponse.swift */,
			);
			path = Models;
			sourceTree = "<group>";
		};
		16EF89132D6E9EEFCE53FE00 /* Frameworks */ = {
			isa = PBXGroup;
			children = (
				3F6761DA7FA097D17F161003 /* Pods_geo.framework */,
				62C3D2B408446137E37CE866 /* Pods_geo_geoUITests.framework */,
				023E14CC0E8604CAFDF94E21 /* Pods_geoTests.framework */,
			);
			name = Frameworks;
			sourceTree = "<group>";
		};
		7790DCB4036D92EABBE3C0C6 /* Pods */ = {
			isa = PBXGroup;
			children = (
				A91443EFA308649C6FBDF6C6 /* Pods-geo.debug.xcconfig */,
				D77C8995C4E037793261B35B /* Pods-geo.release.xcconfig */,
				203BC3B2CB7265B713F74E14 /* Pods-geo-geoUITests.debug.xcconfig */,
				68B849CD941C27E28B999D3E /* Pods-geo-geoUITests.release.xcconfig */,
				62C7F178375FF08356A10DE3 /* Pods-geoTests.debug.xcconfig */,
				44140F237301627B8AEC6A38 /* Pods-geoTests.release.xcconfig */,
			);
			path = Pods;
			sourceTree = "<group>";
		};
/* End PBXGroup section */

/* Begin PBXNativeTarget section */
		0B400169294E68C300EBE854 /* geo */ = {
			isa = PBXNativeTarget;
			buildConfigurationList = 0B400194294E68C500EBE854 /* Build configuration list for PBXNativeTarget "geo" */;
			buildPhases = (
				3C637AA0A537B01113117B4D /* [CP] Check Pods Manifest.lock */,
				0B400166294E68C300EBE854 /* Sources */,
				0B400167294E68C300EBE854 /* Frameworks */,
				0B400168294E68C300EBE854 /* Resources */,
				2A4F5D27E1F1943C36353153 /* [CP] Embed Pods Frameworks */,
				0B6432302997AB1D004CA3D3 /* ShellScript */,
			);
			buildRules = (
			);
			dependencies = (
			);
			name = geo;
			productName = geo;
			productReference = 0B40016A294E68C300EBE854 /* geo.app */;
			productType = "com.apple.product-type.application";
		};
		0B40017F294E68C500EBE854 /* geoTests */ = {
			isa = PBXNativeTarget;
			buildConfigurationList = 0B400197294E68C500EBE854 /* Build configuration list for PBXNativeTarget "geoTests" */;
			buildPhases = (
				518067F9055C794056040792 /* [CP] Check Pods Manifest.lock */,
				0B40017C294E68C500EBE854 /* Sources */,
				0B40017D294E68C500EBE854 /* Frameworks */,
				0B40017E294E68C500EBE854 /* Resources */,
			);
			buildRules = (
			);
			dependencies = (
				0B400182294E68C500EBE854 /* PBXTargetDependency */,
			);
			name = geoTests;
			productName = geoTests;
			productReference = 0B400180294E68C500EBE854 /* geoTests.xctest */;
			productType = "com.apple.product-type.bundle.unit-test";
		};
		0B400189294E68C500EBE854 /* geoUITests */ = {
			isa = PBXNativeTarget;
			buildConfigurationList = 0B40019A294E68C500EBE854 /* Build configuration list for PBXNativeTarget "geoUITests" */;
			buildPhases = (
				81FE30ED26CE05F405922D7E /* [CP] Check Pods Manifest.lock */,
				0B400186294E68C500EBE854 /* Sources */,
				0B400187294E68C500EBE854 /* Frameworks */,
				0B400188294E68C500EBE854 /* Resources */,
				E20DF1BE7DC3A8488D6D1E10 /* [CP] Embed Pods Frameworks */,
			);
			buildRules = (
			);
			dependencies = (
				0B40018C294E68C500EBE854 /* PBXTargetDependency */,
			);
			name = geoUITests;
			productName = geoUITests;
			productReference = 0B40018A294E68C500EBE854 /* geoUITests.xctest */;
			productType = "com.apple.product-type.bundle.ui-testing";
		};
/* End PBXNativeTarget section */

/* Begin PBXProject section */
		0B400162294E68C300EBE854 /* Project object */ = {
			isa = PBXProject;
			attributes = {
				BuildIndependentTargetsInParallel = 1;
				LastSwiftUpdateCheck = 1420;
				LastUpgradeCheck = 1420;
				TargetAttributes = {
					0B400169294E68C300EBE854 = {
						CreatedOnToolsVersion = 14.2;
					};
					0B40017F294E68C500EBE854 = {
						CreatedOnToolsVersion = 14.2;
						TestTargetID = 0B400169294E68C300EBE854;
					};
					0B400189294E68C500EBE854 = {
						CreatedOnToolsVersion = 14.2;
						TestTargetID = 0B400169294E68C300EBE854;
					};
				};
			};
			buildConfigurationList = 0B400165294E68C300EBE854 /* Build configuration list for PBXProject "geo" */;
			compatibilityVersion = "Xcode 13.0";
			developmentRegion = en;
			hasScannedForEncodings = 0;
			knownRegions = (
				en,
				Base,
			);
			mainGroup = 0B400161294E68C300EBE854;
			productRefGroup = 0B40016B294E68C300EBE854 /* Products */;
			projectDirPath = "";
			projectRoot = "";
			targets = (
				0B400169294E68C300EBE854 /* geo */,
				0B40017F294E68C500EBE854 /* geoTests */,
				0B400189294E68C500EBE854 /* geoUITests */,
			);
		};
/* End PBXProject section */

/* Begin PBXResourcesBuildPhase section */
		0B400168294E68C300EBE854 /* Resources */ = {
			isa = PBXResourcesBuildPhase;
			buildActionMask = 2147483647;
			files = (
				0B00E69529842DAE0049DC49 /* UserTableCell.xib in Resources */,
				0BE07F832993D9470040CECA /* EmailConfirmationViewController.storyboard in Resources */,
				0B528D08299D479F00CA4A30 /* RequestPasswordResetViewController.storyboard in Resources */,
				0B40017A294E68C500EBE854 /* LaunchScreen.storyboard in Resources */,
				0BB0A05729919C6C00AB48DD /* SettingsViewController.storyboard in Resources */,
				0BB0A0632991C54B00AB48DD /* ResetPasswordViewController.storyboard in Resources */,
				0BB0A05B2991A2B900AB48DD /* SettingsCell.xib in Resources */,
				0B00E69E298869030049DC49 /* NotificationCell.xib in Resources */,
				0B400177294E68C500EBE854 /* Assets.xcassets in Resources */,
				0BC08A3D29798DB00026BA27 /* SignupViewController.storyboard in Resources */,
				0BC08A3F29798DD90026BA27 /* LoginViewController.storyboard in Resources */,
				0BD2DEC92981582B00CCAF28 /* UsersViewController.storyboard in Resources */,
				0B00E69A298866E90049DC49 /* NotificationsViewController.storyboard in Resources */,
				0BB0A05F2991C51300AB48DD /* ProfilePictureViewController.storyboard in Resources */,
				0B400175294E68C300EBE854 /* MapViewController.storyboard in Resources */,
			);
			runOnlyForDeploymentPostprocessing = 0;
		};
		0B40017E294E68C500EBE854 /* Resources */ = {
			isa = PBXResourcesBuildPhase;
			buildActionMask = 2147483647;
			files = (
			);
			runOnlyForDeploymentPostprocessing = 0;
		};
		0B400188294E68C500EBE854 /* Resources */ = {
			isa = PBXResourcesBuildPhase;
			buildActionMask = 2147483647;
			files = (
			);
			runOnlyForDeploymentPostprocessing = 0;
		};
/* End PBXResourcesBuildPhase section */

/* Begin PBXShellScriptBuildPhase section */
		0B6432302997AB1D004CA3D3 /* ShellScript */ = {
			isa = PBXShellScriptBuildPhase;
			buildActionMask = 2147483647;
			files = (
			);
			inputFileListPaths = (
			);
			inputPaths = (
			);
			outputFileListPaths = (
			);
			outputPaths = (
			);
			runOnlyForDeploymentPostprocessing = 0;
			shellPath = /bin/sh;
			shellScript = "if which swiftlint > /dev/null; then\n  swiftlint\nelse\n  echo \"warning: SwiftLint not installed, download from https://github.com/realm/SwiftLint\"\nfi\n";
		};
		2A4F5D27E1F1943C36353153 /* [CP] Embed Pods Frameworks */ = {
			isa = PBXShellScriptBuildPhase;
			buildActionMask = 2147483647;
			files = (
			);
			inputFileListPaths = (
				"${PODS_ROOT}/Target Support Files/Pods-geo/Pods-geo-frameworks-${CONFIGURATION}-input-files.xcfilelist",
			);
			name = "[CP] Embed Pods Frameworks";
			outputFileListPaths = (
				"${PODS_ROOT}/Target Support Files/Pods-geo/Pods-geo-frameworks-${CONFIGURATION}-output-files.xcfilelist",
			);
			runOnlyForDeploymentPostprocessing = 0;
			shellPath = /bin/sh;
			shellScript = "\"${PODS_ROOT}/Target Support Files/Pods-geo/Pods-geo-frameworks.sh\"\n";
			showEnvVarsInLog = 0;
		};
		3C637AA0A537B01113117B4D /* [CP] Check Pods Manifest.lock */ = {
			isa = PBXShellScriptBuildPhase;
			buildActionMask = 2147483647;
			files = (
			);
			inputFileListPaths = (
			);
			inputPaths = (
				"${PODS_PODFILE_DIR_PATH}/Podfile.lock",
				"${PODS_ROOT}/Manifest.lock",
			);
			name = "[CP] Check Pods Manifest.lock";
			outputFileListPaths = (
			);
			outputPaths = (
				"$(DERIVED_FILE_DIR)/Pods-geo-checkManifestLockResult.txt",
			);
			runOnlyForDeploymentPostprocessing = 0;
			shellPath = /bin/sh;
			shellScript = "diff \"${PODS_PODFILE_DIR_PATH}/Podfile.lock\" \"${PODS_ROOT}/Manifest.lock\" > /dev/null\nif [ $? != 0 ] ; then\n    # print error to STDERR\n    echo \"error: The sandbox is not in sync with the Podfile.lock. Run 'pod install' or update your CocoaPods installation.\" >&2\n    exit 1\nfi\n# This output is used by Xcode 'outputs' to avoid re-running this script phase.\necho \"SUCCESS\" > \"${SCRIPT_OUTPUT_FILE_0}\"\n";
			showEnvVarsInLog = 0;
		};
		518067F9055C794056040792 /* [CP] Check Pods Manifest.lock */ = {
			isa = PBXShellScriptBuildPhase;
			buildActionMask = 2147483647;
			files = (
			);
			inputFileListPaths = (
			);
			inputPaths = (
				"${PODS_PODFILE_DIR_PATH}/Podfile.lock",
				"${PODS_ROOT}/Manifest.lock",
			);
			name = "[CP] Check Pods Manifest.lock";
			outputFileListPaths = (
			);
			outputPaths = (
				"$(DERIVED_FILE_DIR)/Pods-geoTests-checkManifestLockResult.txt",
			);
			runOnlyForDeploymentPostprocessing = 0;
			shellPath = /bin/sh;
			shellScript = "diff \"${PODS_PODFILE_DIR_PATH}/Podfile.lock\" \"${PODS_ROOT}/Manifest.lock\" > /dev/null\nif [ $? != 0 ] ; then\n    # print error to STDERR\n    echo \"error: The sandbox is not in sync with the Podfile.lock. Run 'pod install' or update your CocoaPods installation.\" >&2\n    exit 1\nfi\n# This output is used by Xcode 'outputs' to avoid re-running this script phase.\necho \"SUCCESS\" > \"${SCRIPT_OUTPUT_FILE_0}\"\n";
			showEnvVarsInLog = 0;
		};
		81FE30ED26CE05F405922D7E /* [CP] Check Pods Manifest.lock */ = {
			isa = PBXShellScriptBuildPhase;
			buildActionMask = 2147483647;
			files = (
			);
			inputFileListPaths = (
			);
			inputPaths = (
				"${PODS_PODFILE_DIR_PATH}/Podfile.lock",
				"${PODS_ROOT}/Manifest.lock",
			);
			name = "[CP] Check Pods Manifest.lock";
			outputFileListPaths = (
			);
			outputPaths = (
				"$(DERIVED_FILE_DIR)/Pods-geo-geoUITests-checkManifestLockResult.txt",
			);
			runOnlyForDeploymentPostprocessing = 0;
			shellPath = /bin/sh;
			shellScript = "diff \"${PODS_PODFILE_DIR_PATH}/Podfile.lock\" \"${PODS_ROOT}/Manifest.lock\" > /dev/null\nif [ $? != 0 ] ; then\n    # print error to STDERR\n    echo \"error: The sandbox is not in sync with the Podfile.lock. Run 'pod install' or update your CocoaPods installation.\" >&2\n    exit 1\nfi\n# This output is used by Xcode 'outputs' to avoid re-running this script phase.\necho \"SUCCESS\" > \"${SCRIPT_OUTPUT_FILE_0}\"\n";
			showEnvVarsInLog = 0;
		};
		E20DF1BE7DC3A8488D6D1E10 /* [CP] Embed Pods Frameworks */ = {
			isa = PBXShellScriptBuildPhase;
			buildActionMask = 2147483647;
			files = (
			);
			inputFileListPaths = (
				"${PODS_ROOT}/Target Support Files/Pods-geo-geoUITests/Pods-geo-geoUITests-frameworks-${CONFIGURATION}-input-files.xcfilelist",
			);
			name = "[CP] Embed Pods Frameworks";
			outputFileListPaths = (
				"${PODS_ROOT}/Target Support Files/Pods-geo-geoUITests/Pods-geo-geoUITests-frameworks-${CONFIGURATION}-output-files.xcfilelist",
			);
			runOnlyForDeploymentPostprocessing = 0;
			shellPath = /bin/sh;
			shellScript = "\"${PODS_ROOT}/Target Support Files/Pods-geo-geoUITests/Pods-geo-geoUITests-frameworks.sh\"\n";
			showEnvVarsInLog = 0;
		};
/* End PBXShellScriptBuildPhase section */

/* Begin PBXSourcesBuildPhase section */
		0B400166294E68C300EBE854 /* Sources */ = {
			isa = PBXSourcesBuildPhase;
			buildActionMask = 2147483647;
			files = (
				0B1AE4C129A3742A00B4E4F7 /* Storyboarded.swift in Sources */,
				0B528D01299D2F3A00CA4A30 /* FriendCalloutView.swift in Sources */,
				0BA1C20429A8A3F200387882 /* Animations.swift in Sources */,
				0BA1C20029A82B7900387882 /* UITextField+Extensions.swift in Sources */,
				0B1AE4C329A37FD300B4E4F7 /* AuthorizationCoordinator.swift in Sources */,
				0B40019E294E6D7900EBE854 /* LocationManager.swift in Sources */,
				0BC08A4A29798FEE0026BA27 /* AuthorizationService.swift in Sources */,
				0B51D8722989448000200B63 /* SearchedUser.swift in Sources */,
				0BA1C1FE29A7F4A000387882 /* MapViewModel.swift in Sources */,
				0BD2DEC72981575D00CCAF28 /* UsersViewController.swift in Sources */,
				0BC08A4329798E090026BA27 /* SignupViewController.swift in Sources */,
				0B528CFD299A842400CA4A30 /* EmptyTableBackgroundView.swift in Sources */,
				0B528D03299D45C200CA4A30 /* UIImage+Extensions.swift in Sources */,
				0B843017294FA7EC000D5EDF /* LocationService.swift in Sources */,
				0BB0A0672992D76C00AB48DD /* MKAnnotation+Extensions.swift in Sources */,
				0B00E6A229886A6E0049DC49 /* ApiService.swift in Sources */,
				0BB60E6E29990BAD0065AECB /* RequestError.swift in Sources */,
				0B400172294E68C300EBE854 /* MapViewController.swift in Sources */,
				0BB60E7029991C590065AECB /* NotificatingViewController.swift in Sources */,
				0BA1C1F829A7898300387882 /* SignupViewModel.swift in Sources */,
				0BB0A0612991C53600AB48DD /* ResetPasswordViewController.swift in Sources */,
				0BB60E722999202A0065AECB /* ErrorResponse.swift in Sources */,
				0B2E3EC429A4B5A60016391D /* DateHelper.swift in Sources */,
				0BA1C1FA29A78D0F00387882 /* LoginViewModel.swift in Sources */,
				0BC443F12983FA5F00D31C15 /* UserTableCell.swift in Sources */,
				0BA1C1FC29A78FE700387882 /* EmailConfirmationViewModel.swift in Sources */,
				0B1AE4BD29A36B9600B4E4F7 /* MainCoordinator.swift in Sources */,
				0B70166F298C3F4500E0E353 /* FriendAnnotationView.swift in Sources */,
				0BA1C1EE29A7767F00387882 /* ProfilePictureViewModel.swift in Sources */,
				0BA1C1F629A7827500387882 /* NotificationCellViewModel.swift in Sources */,
				0BE07F7F2993D7BB0040CECA /* String+Extensions.swift in Sources */,
				0B00E69C298868F30049DC49 /* NotificationCell.swift in Sources */,
				0B51D86E298940E800200B63 /* FriendshipRequestType.swift in Sources */,
				0B528D05299D477500CA4A30 /* RequestPasswordResetViewController.swift in Sources */,
				0BE75A8E2983152F00439A71 /* Friendship.swift in Sources */,
				0BB0A05D2991C4F900AB48DD /* ProfilePictureViewController.swift in Sources */,
				0BB0A0592991A2AD00AB48DD /* SettingsCell.swift in Sources */,
				0BB0A0502991162500AB48DD /* FriendMKPointAnnotation.swift in Sources */,
				0B1AE4BF29A36BA200B4E4F7 /* Coordinator.swift in Sources */,
				0B00E698298866DF0049DC49 /* NotificationsViewController.swift in Sources */,
				0BC08A4529798E1A0026BA27 /* LoginViewController.swift in Sources */,
				0B00E6A02988695B0049DC49 /* FriendsService.swift in Sources */,
				0BE75A8929830EDB00439A71 /* User.swift in Sources */,
				0BA1C20229A8348800387882 /* UIView+Extensions.swift in Sources */,
				0B40016E294E68C300EBE854 /* AppDelegate.swift in Sources */,
				0B1AE4C829A3BF5B00B4E4F7 /* UsersViewModel.swift in Sources */,
				0BB0A0652992D60600AB48DD /* MKMapView+Extensions.swift in Sources */,
				0BE75A8C29830F5000439A71 /* FriendshipRequest.swift in Sources */,
				0B1AE4C629A38BB100B4E4F7 /* PasswordResetCoordinator.swift in Sources */,
				0BE07F7D2992F0830040CECA /* ImagesService.swift in Sources */,
				0B400170294E68C300EBE854 /* SceneDelegate.swift in Sources */,
				0BE75A90298321CB00439A71 /* UsersService.swift in Sources */,
				0BA1C1F429A77FEF00387882 /* NotificationsViewModel.swift in Sources */,
				0B5A0B0A297F00B600E9806A /* Endpoints.swift in Sources */,
				0B5A0B08297F006A00E9806A /* Secrets.swift in Sources */,
				0BE07F812993D9350040CECA /* EmailConfirmationViewController.swift in Sources */,
				0BA1C1F229A77CCF00387882 /* SettingsViewModel.swift in Sources */,
				0B1AE4CA29A3FBAC00B4E4F7 /* UserTableCellViewModel.swift in Sources */,
				0BA1C1EC29A774AE00387882 /* RequestPasswordResetViewModel.swift in Sources */,
				0BB0A05529919C6400AB48DD /* SettingsViewController.swift in Sources */,
				0BA1C1EA29A6C6CE00387882 /* ResetPasswordViewModel.swift in Sources */,
			);
			runOnlyForDeploymentPostprocessing = 0;
		};
		0B40017C294E68C500EBE854 /* Sources */ = {
			isa = PBXSourcesBuildPhase;
			buildActionMask = 2147483647;
			files = (
				0B400185294E68C500EBE854 /* GeoTests.swift in Sources */,
			);
			runOnlyForDeploymentPostprocessing = 0;
		};
		0B400186294E68C500EBE854 /* Sources */ = {
			isa = PBXSourcesBuildPhase;
			buildActionMask = 2147483647;
			files = (
				0B400191294E68C500EBE854 /* GeoUITestsLaunchTests.swift in Sources */,
				0B40018F294E68C500EBE854 /* GeoUITests.swift in Sources */,
			);
			runOnlyForDeploymentPostprocessing = 0;
		};
/* End PBXSourcesBuildPhase section */

/* Begin PBXTargetDependency section */
		0B400182294E68C500EBE854 /* PBXTargetDependency */ = {
			isa = PBXTargetDependency;
			target = 0B400169294E68C300EBE854 /* geo */;
			targetProxy = 0B400181294E68C500EBE854 /* PBXContainerItemProxy */;
		};
		0B40018C294E68C500EBE854 /* PBXTargetDependency */ = {
			isa = PBXTargetDependency;
			target = 0B400169294E68C300EBE854 /* geo */;
			targetProxy = 0B40018B294E68C500EBE854 /* PBXContainerItemProxy */;
		};
/* End PBXTargetDependency section */

/* Begin PBXVariantGroup section */
		0B400173294E68C300EBE854 /* MapViewController.storyboard */ = {
			isa = PBXVariantGroup;
			children = (
				0B400174294E68C300EBE854 /* Base */,
			);
			name = MapViewController.storyboard;
			sourceTree = "<group>";
		};
		0B400178294E68C500EBE854 /* LaunchScreen.storyboard */ = {
			isa = PBXVariantGroup;
			children = (
				0B400179294E68C500EBE854 /* Base */,
			);
			name = LaunchScreen.storyboard;
			sourceTree = "<group>";
		};
/* End PBXVariantGroup section */

/* Begin XCBuildConfiguration section */
		0B400192294E68C500EBE854 /* Debug */ = {
			isa = XCBuildConfiguration;
			buildSettings = {
				ALWAYS_SEARCH_USER_PATHS = NO;
				CLANG_ANALYZER_NONNULL = YES;
				CLANG_ANALYZER_NUMBER_OBJECT_CONVERSION = YES_AGGRESSIVE;
				CLANG_CXX_LANGUAGE_STANDARD = "gnu++20";
				CLANG_ENABLE_MODULES = YES;
				CLANG_ENABLE_OBJC_ARC = YES;
				CLANG_ENABLE_OBJC_WEAK = YES;
				CLANG_WARN_BLOCK_CAPTURE_AUTORELEASING = YES;
				CLANG_WARN_BOOL_CONVERSION = YES;
				CLANG_WARN_COMMA = YES;
				CLANG_WARN_CONSTANT_CONVERSION = YES;
				CLANG_WARN_DEPRECATED_OBJC_IMPLEMENTATIONS = YES;
				CLANG_WARN_DIRECT_OBJC_ISA_USAGE = YES_ERROR;
				CLANG_WARN_DOCUMENTATION_COMMENTS = YES;
				CLANG_WARN_EMPTY_BODY = YES;
				CLANG_WARN_ENUM_CONVERSION = YES;
				CLANG_WARN_INFINITE_RECURSION = YES;
				CLANG_WARN_INT_CONVERSION = YES;
				CLANG_WARN_NON_LITERAL_NULL_CONVERSION = YES;
				CLANG_WARN_OBJC_IMPLICIT_RETAIN_SELF = YES;
				CLANG_WARN_OBJC_LITERAL_CONVERSION = YES;
				CLANG_WARN_OBJC_ROOT_CLASS = YES_ERROR;
				CLANG_WARN_QUOTED_INCLUDE_IN_FRAMEWORK_HEADER = YES;
				CLANG_WARN_RANGE_LOOP_ANALYSIS = YES;
				CLANG_WARN_STRICT_PROTOTYPES = YES;
				CLANG_WARN_SUSPICIOUS_MOVE = YES;
				CLANG_WARN_UNGUARDED_AVAILABILITY = YES_AGGRESSIVE;
				CLANG_WARN_UNREACHABLE_CODE = YES;
				CLANG_WARN__DUPLICATE_METHOD_MATCH = YES;
				COPY_PHASE_STRIP = NO;
				DEBUG_INFORMATION_FORMAT = dwarf;
				ENABLE_STRICT_OBJC_MSGSEND = YES;
				ENABLE_TESTABILITY = YES;
				GCC_C_LANGUAGE_STANDARD = gnu11;
				GCC_DYNAMIC_NO_PIC = NO;
				GCC_NO_COMMON_BLOCKS = YES;
				GCC_OPTIMIZATION_LEVEL = 0;
				GCC_PREPROCESSOR_DEFINITIONS = (
					"DEBUG=1",
					"$(inherited)",
				);
				GCC_WARN_64_TO_32_BIT_CONVERSION = YES;
				GCC_WARN_ABOUT_RETURN_TYPE = YES_ERROR;
				GCC_WARN_UNDECLARED_SELECTOR = YES;
				GCC_WARN_UNINITIALIZED_AUTOS = YES_AGGRESSIVE;
				GCC_WARN_UNUSED_FUNCTION = YES;
				GCC_WARN_UNUSED_VARIABLE = YES;
				IPHONEOS_DEPLOYMENT_TARGET = 15.0;
				MTL_ENABLE_DEBUG_INFO = INCLUDE_SOURCE;
				MTL_FAST_MATH = YES;
				ONLY_ACTIVE_ARCH = YES;
				SDKROOT = iphoneos;
				SWIFT_ACTIVE_COMPILATION_CONDITIONS = DEBUG;
				SWIFT_OPTIMIZATION_LEVEL = "-Onone";
			};
			name = Debug;
		};
		0B400193294E68C500EBE854 /* Release */ = {
			isa = XCBuildConfiguration;
			buildSettings = {
				ALWAYS_SEARCH_USER_PATHS = NO;
				CLANG_ANALYZER_NONNULL = YES;
				CLANG_ANALYZER_NUMBER_OBJECT_CONVERSION = YES_AGGRESSIVE;
				CLANG_CXX_LANGUAGE_STANDARD = "gnu++20";
				CLANG_ENABLE_MODULES = YES;
				CLANG_ENABLE_OBJC_ARC = YES;
				CLANG_ENABLE_OBJC_WEAK = YES;
				CLANG_WARN_BLOCK_CAPTURE_AUTORELEASING = YES;
				CLANG_WARN_BOOL_CONVERSION = YES;
				CLANG_WARN_COMMA = YES;
				CLANG_WARN_CONSTANT_CONVERSION = YES;
				CLANG_WARN_DEPRECATED_OBJC_IMPLEMENTATIONS = YES;
				CLANG_WARN_DIRECT_OBJC_ISA_USAGE = YES_ERROR;
				CLANG_WARN_DOCUMENTATION_COMMENTS = YES;
				CLANG_WARN_EMPTY_BODY = YES;
				CLANG_WARN_ENUM_CONVERSION = YES;
				CLANG_WARN_INFINITE_RECURSION = YES;
				CLANG_WARN_INT_CONVERSION = YES;
				CLANG_WARN_NON_LITERAL_NULL_CONVERSION = YES;
				CLANG_WARN_OBJC_IMPLICIT_RETAIN_SELF = YES;
				CLANG_WARN_OBJC_LITERAL_CONVERSION = YES;
				CLANG_WARN_OBJC_ROOT_CLASS = YES_ERROR;
				CLANG_WARN_QUOTED_INCLUDE_IN_FRAMEWORK_HEADER = YES;
				CLANG_WARN_RANGE_LOOP_ANALYSIS = YES;
				CLANG_WARN_STRICT_PROTOTYPES = YES;
				CLANG_WARN_SUSPICIOUS_MOVE = YES;
				CLANG_WARN_UNGUARDED_AVAILABILITY = YES_AGGRESSIVE;
				CLANG_WARN_UNREACHABLE_CODE = YES;
				CLANG_WARN__DUPLICATE_METHOD_MATCH = YES;
				COPY_PHASE_STRIP = NO;
				DEBUG_INFORMATION_FORMAT = "dwarf-with-dsym";
				ENABLE_NS_ASSERTIONS = NO;
				ENABLE_STRICT_OBJC_MSGSEND = YES;
				GCC_C_LANGUAGE_STANDARD = gnu11;
				GCC_NO_COMMON_BLOCKS = YES;
				GCC_WARN_64_TO_32_BIT_CONVERSION = YES;
				GCC_WARN_ABOUT_RETURN_TYPE = YES_ERROR;
				GCC_WARN_UNDECLARED_SELECTOR = YES;
				GCC_WARN_UNINITIALIZED_AUTOS = YES_AGGRESSIVE;
				GCC_WARN_UNUSED_FUNCTION = YES;
				GCC_WARN_UNUSED_VARIABLE = YES;
				IPHONEOS_DEPLOYMENT_TARGET = 15.0;
				MTL_ENABLE_DEBUG_INFO = NO;
				MTL_FAST_MATH = YES;
				SDKROOT = iphoneos;
				SWIFT_COMPILATION_MODE = wholemodule;
				SWIFT_OPTIMIZATION_LEVEL = "-O";
				VALIDATE_PRODUCT = YES;
			};
			name = Release;
		};
		0B400195294E68C500EBE854 /* Debug */ = {
			isa = XCBuildConfiguration;
			baseConfigurationReference = A91443EFA308649C6FBDF6C6 /* Pods-geo.debug.xcconfig */;
			buildSettings = {
				ASSETCATALOG_COMPILER_APPICON_NAME = AppIcon;
				ASSETCATALOG_COMPILER_GLOBAL_ACCENT_COLOR_NAME = AccentColor;
				CODE_SIGN_STYLE = Automatic;
				CURRENT_PROJECT_VERSION = 1;
				DEVELOPMENT_TEAM = 3HG9ZBM8AV;
				GENERATE_INFOPLIST_FILE = YES;
				INFOPLIST_FILE = geo/Info.plist;
				INFOPLIST_KEY_CFBundleDisplayName = Geo.share;
				INFOPLIST_KEY_NSLocationAlwaysAndWhenInUseUsageDescription = "The app needs permission to receive your geolocation in order to share it with your friends";
				INFOPLIST_KEY_NSLocationWhenInUseUsageDescription = "The app needs permission to receive your geolocation in order to share it with your friends";
				INFOPLIST_KEY_UIApplicationSupportsIndirectInputEvents = "";
				INFOPLIST_KEY_UILaunchStoryboardName = LaunchScreen;
				INFOPLIST_KEY_UIMainStoryboardFile = "";
				INFOPLIST_KEY_UISupportedInterfaceOrientations = UIInterfaceOrientationPortrait;
				INFOPLIST_KEY_UISupportedInterfaceOrientations_iPad = "UIInterfaceOrientationLandscapeLeft UIInterfaceOrientationLandscapeRight UIInterfaceOrientationPortrait UIInterfaceOrientationPortraitUpsideDown";
				IPHONEOS_DEPLOYMENT_TARGET = 15.0;
				LD_RUNPATH_SEARCH_PATHS = (
					"$(inherited)",
					"@executable_path/Frameworks",
				);
				MARKETING_VERSION = 0.0.7;
				PRODUCT_BUNDLE_IDENTIFIER = com.panandafog.geoshare;
				PRODUCT_NAME = "$(TARGET_NAME)";
				SWIFT_EMIT_LOC_STRINGS = YES;
				SWIFT_VERSION = 5.0;
				TARGETED_DEVICE_FAMILY = "1,2";
			};
			name = Debug;
		};
		0B400196294E68C500EBE854 /* Release */ = {
			isa = XCBuildConfiguration;
			baseConfigurationReference = D77C8995C4E037793261B35B /* Pods-geo.release.xcconfig */;
			buildSettings = {
				ASSETCATALOG_COMPILER_APPICON_NAME = AppIcon;
				ASSETCATALOG_COMPILER_GLOBAL_ACCENT_COLOR_NAME = AccentColor;
				CODE_SIGN_STYLE = Automatic;
				CURRENT_PROJECT_VERSION = 1;
				DEVELOPMENT_TEAM = 3HG9ZBM8AV;
				GENERATE_INFOPLIST_FILE = YES;
				INFOPLIST_FILE = geo/Info.plist;
				INFOPLIST_KEY_CFBundleDisplayName = Geo.share;
				INFOPLIST_KEY_NSLocationAlwaysAndWhenInUseUsageDescription = "The app needs permission to receive your geolocation in order to share it with your friends";
				INFOPLIST_KEY_NSLocationWhenInUseUsageDescription = "The app needs permission to receive your geolocation in order to share it with your friends";
				INFOPLIST_KEY_UIApplicationSupportsIndirectInputEvents = "";
				INFOPLIST_KEY_UILaunchStoryboardName = LaunchScreen;
				INFOPLIST_KEY_UIMainStoryboardFile = "";
				INFOPLIST_KEY_UISupportedInterfaceOrientations = UIInterfaceOrientationPortrait;
				INFOPLIST_KEY_UISupportedInterfaceOrientations_iPad = "UIInterfaceOrientationLandscapeLeft UIInterfaceOrientationLandscapeRight UIInterfaceOrientationPortrait UIInterfaceOrientationPortraitUpsideDown";
				IPHONEOS_DEPLOYMENT_TARGET = 15.0;
				LD_RUNPATH_SEARCH_PATHS = (
					"$(inherited)",
					"@executable_path/Frameworks",
				);
				MARKETING_VERSION = 0.0.7;
				PRODUCT_BUNDLE_IDENTIFIER = com.panandafog.geoshare;
				PRODUCT_NAME = "$(TARGET_NAME)";
				SWIFT_EMIT_LOC_STRINGS = YES;
				SWIFT_VERSION = 5.0;
				TARGETED_DEVICE_FAMILY = "1,2";
			};
			name = Release;
		};
		0B400198294E68C500EBE854 /* Debug */ = {
			isa = XCBuildConfiguration;
			baseConfigurationReference = 62C7F178375FF08356A10DE3 /* Pods-geoTests.debug.xcconfig */;
			buildSettings = {
				ALWAYS_EMBED_SWIFT_STANDARD_LIBRARIES = YES;
				BUNDLE_LOADER = "$(TEST_HOST)";
				CODE_SIGN_STYLE = Automatic;
				CURRENT_PROJECT_VERSION = 1;
				DEVELOPMENT_TEAM = 3HG9ZBM8AV;
				GENERATE_INFOPLIST_FILE = YES;
				IPHONEOS_DEPLOYMENT_TARGET = 16.2;
				MARKETING_VERSION = 1.0;
				PRODUCT_BUNDLE_IDENTIFIER = com.panandafog.geoTests;
				PRODUCT_NAME = "$(TARGET_NAME)";
				SWIFT_EMIT_LOC_STRINGS = NO;
				SWIFT_VERSION = 5.0;
				TARGETED_DEVICE_FAMILY = "1,2";
				TEST_HOST = "$(BUILT_PRODUCTS_DIR)/geo.app/$(BUNDLE_EXECUTABLE_FOLDER_PATH)/geo";
			};
			name = Debug;
		};
		0B400199294E68C500EBE854 /* Release */ = {
			isa = XCBuildConfiguration;
			baseConfigurationReference = 44140F237301627B8AEC6A38 /* Pods-geoTests.release.xcconfig */;
			buildSettings = {
				ALWAYS_EMBED_SWIFT_STANDARD_LIBRARIES = YES;
				BUNDLE_LOADER = "$(TEST_HOST)";
				CODE_SIGN_STYLE = Automatic;
				CURRENT_PROJECT_VERSION = 1;
				DEVELOPMENT_TEAM = 3HG9ZBM8AV;
				GENERATE_INFOPLIST_FILE = YES;
				IPHONEOS_DEPLOYMENT_TARGET = 16.2;
				MARKETING_VERSION = 1.0;
				PRODUCT_BUNDLE_IDENTIFIER = com.panandafog.geoTests;
				PRODUCT_NAME = "$(TARGET_NAME)";
				SWIFT_EMIT_LOC_STRINGS = NO;
				SWIFT_VERSION = 5.0;
				TARGETED_DEVICE_FAMILY = "1,2";
				TEST_HOST = "$(BUILT_PRODUCTS_DIR)/geo.app/$(BUNDLE_EXECUTABLE_FOLDER_PATH)/geo";
			};
			name = Release;
		};
		0B40019B294E68C500EBE854 /* Debug */ = {
			isa = XCBuildConfiguration;
			baseConfigurationReference = 203BC3B2CB7265B713F74E14 /* Pods-geo-geoUITests.debug.xcconfig */;
			buildSettings = {
				ALWAYS_EMBED_SWIFT_STANDARD_LIBRARIES = YES;
				CODE_SIGN_STYLE = Automatic;
				CURRENT_PROJECT_VERSION = 1;
				DEVELOPMENT_TEAM = 3HG9ZBM8AV;
				GENERATE_INFOPLIST_FILE = YES;
				MARKETING_VERSION = 1.0;
				PRODUCT_BUNDLE_IDENTIFIER = com.panandafog.geoUITests;
				PRODUCT_NAME = "$(TARGET_NAME)";
				SWIFT_EMIT_LOC_STRINGS = NO;
				SWIFT_VERSION = 5.0;
				TARGETED_DEVICE_FAMILY = "1,2";
				TEST_TARGET_NAME = geo;
			};
			name = Debug;
		};
		0B40019C294E68C500EBE854 /* Release */ = {
			isa = XCBuildConfiguration;
			baseConfigurationReference = 68B849CD941C27E28B999D3E /* Pods-geo-geoUITests.release.xcconfig */;
			buildSettings = {
				ALWAYS_EMBED_SWIFT_STANDARD_LIBRARIES = YES;
				CODE_SIGN_STYLE = Automatic;
				CURRENT_PROJECT_VERSION = 1;
				DEVELOPMENT_TEAM = 3HG9ZBM8AV;
				GENERATE_INFOPLIST_FILE = YES;
				MARKETING_VERSION = 1.0;
				PRODUCT_BUNDLE_IDENTIFIER = com.panandafog.geoUITests;
				PRODUCT_NAME = "$(TARGET_NAME)";
				SWIFT_EMIT_LOC_STRINGS = NO;
				SWIFT_VERSION = 5.0;
				TARGETED_DEVICE_FAMILY = "1,2";
				TEST_TARGET_NAME = geo;
			};
			name = Release;
		};
/* End XCBuildConfiguration section */

/* Begin XCConfigurationList section */
		0B400165294E68C300EBE854 /* Build configuration list for PBXProject "geo" */ = {
			isa = XCConfigurationList;
			buildConfigurations = (
				0B400192294E68C500EBE854 /* Debug */,
				0B400193294E68C500EBE854 /* Release */,
			);
			defaultConfigurationIsVisible = 0;
			defaultConfigurationName = Release;
		};
		0B400194294E68C500EBE854 /* Build configuration list for PBXNativeTarget "geo" */ = {
			isa = XCConfigurationList;
			buildConfigurations = (
				0B400195294E68C500EBE854 /* Debug */,
				0B400196294E68C500EBE854 /* Release */,
			);
			defaultConfigurationIsVisible = 0;
			defaultConfigurationName = Release;
		};
		0B400197294E68C500EBE854 /* Build configuration list for PBXNativeTarget "geoTests" */ = {
			isa = XCConfigurationList;
			buildConfigurations = (
				0B400198294E68C500EBE854 /* Debug */,
				0B400199294E68C500EBE854 /* Release */,
			);
			defaultConfigurationIsVisible = 0;
			defaultConfigurationName = Release;
		};
		0B40019A294E68C500EBE854 /* Build configuration list for PBXNativeTarget "geoUITests" */ = {
			isa = XCConfigurationList;
			buildConfigurations = (
				0B40019B294E68C500EBE854 /* Debug */,
				0B40019C294E68C500EBE854 /* Release */,
			);
			defaultConfigurationIsVisible = 0;
			defaultConfigurationName = Release;
		};
/* End XCConfigurationList section */
	};
	rootObject = 0B400162294E68C300EBE854 /* Project object */;
}
